// !$*UTF8*$!
{
	archiveVersion = 1;
	classes = {
	};
	objectVersion = 56;
	objects = {

/* Begin PBXBuildFile section */
		C315BF322A365A250018766E /* Coordinates.swift in Sources */ = {isa = PBXBuildFile; fileRef = C315BF312A365A250018766E /* Coordinates.swift */; };
		C3777FBF2A3322FB00E8ABA7 /* ASCReviewsApp.swift in Sources */ = {isa = PBXBuildFile; fileRef = C3777FBE2A3322FB00E8ABA7 /* ASCReviewsApp.swift */; };
		C3777FC12A3322FB00E8ABA7 /* ReviewsListView.swift in Sources */ = {isa = PBXBuildFile; fileRef = C3777FC02A3322FB00E8ABA7 /* ReviewsListView.swift */; };
		C3777FC32A3322FC00E8ABA7 /* Assets.xcassets in Resources */ = {isa = PBXBuildFile; fileRef = C3777FC22A3322FC00E8ABA7 /* Assets.xcassets */; };
		C3777FC62A3322FC00E8ABA7 /* Preview Assets.xcassets in Resources */ = {isa = PBXBuildFile; fileRef = C3777FC52A3322FC00E8ABA7 /* Preview Assets.xcassets */; };
		C3777FCE2A33247D00E8ABA7 /* AppStoreConnect-Swift-SDK in Frameworks */ = {isa = PBXBuildFile; productRef = C3777FCD2A33247D00E8ABA7 /* AppStoreConnect-Swift-SDK */; };
		C3777FD02A332F2B00E8ABA7 /* ReviewsViewModel.swift in Sources */ = {isa = PBXBuildFile; fileRef = C3777FCF2A332F2B00E8ABA7 /* ReviewsViewModel.swift */; };
		C37C35342A33B55500B8D035 /* OnboardingViewModel.swift in Sources */ = {isa = PBXBuildFile; fileRef = C37C35332A33B55500B8D035 /* OnboardingViewModel.swift */; };
		C37C35362A33B59000B8D035 /* OnboardingView.swift in Sources */ = {isa = PBXBuildFile; fileRef = C37C35352A33B59000B8D035 /* OnboardingView.swift */; };
		C37C35392A33B62D00B8D035 /* KeychainAccess in Frameworks */ = {isa = PBXBuildFile; productRef = C37C35382A33B62D00B8D035 /* KeychainAccess */; };
		C39D850B2A3644FB00A7F725 /* CSVDocument.swift in Sources */ = {isa = PBXBuildFile; fileRef = C39D850A2A3644FB00A7F725 /* CSVDocument.swift */; };
/* End PBXBuildFile section */

/* Begin PBXFileReference section */
		C315BF312A365A250018766E /* Coordinates.swift */ = {isa = PBXFileReference; lastKnownFileType = sourcecode.swift; path = Coordinates.swift; sourceTree = "<group>"; };
		C3777FBB2A3322FB00E8ABA7 /* ASCReviews.app */ = {isa = PBXFileReference; explicitFileType = wrapper.application; includeInIndex = 0; path = ASCReviews.app; sourceTree = BUILT_PRODUCTS_DIR; };
		C3777FBE2A3322FB00E8ABA7 /* ASCReviewsApp.swift */ = {isa = PBXFileReference; lastKnownFileType = sourcecode.swift; path = ASCReviewsApp.swift; sourceTree = "<group>"; };
		C3777FC02A3322FB00E8ABA7 /* ReviewsListView.swift */ = {isa = PBXFileReference; lastKnownFileType = sourcecode.swift; path = ReviewsListView.swift; sourceTree = "<group>"; };
		C3777FC22A3322FC00E8ABA7 /* Assets.xcassets */ = {isa = PBXFileReference; lastKnownFileType = folder.assetcatalog; path = Assets.xcassets; sourceTree = "<group>"; };
		C3777FC52A3322FC00E8ABA7 /* Preview Assets.xcassets */ = {isa = PBXFileReference; lastKnownFileType = folder.assetcatalog; path = "Preview Assets.xcassets"; sourceTree = "<group>"; };
		C3777FCF2A332F2B00E8ABA7 /* ReviewsViewModel.swift */ = {isa = PBXFileReference; lastKnownFileType = sourcecode.swift; path = ReviewsViewModel.swift; sourceTree = "<group>"; };
		C37C35332A33B55500B8D035 /* OnboardingViewModel.swift */ = {isa = PBXFileReference; lastKnownFileType = sourcecode.swift; path = OnboardingViewModel.swift; sourceTree = "<group>"; };
		C37C35352A33B59000B8D035 /* OnboardingView.swift */ = {isa = PBXFileReference; lastKnownFileType = sourcecode.swift; path = OnboardingView.swift; sourceTree = "<group>"; };
		C39D850A2A3644FB00A7F725 /* CSVDocument.swift */ = {isa = PBXFileReference; lastKnownFileType = sourcecode.swift; path = CSVDocument.swift; sourceTree = "<group>"; };
/* End PBXFileReference section */

/* Begin PBXFrameworksBuildPhase section */
		C3777FB82A3322FA00E8ABA7 /* Frameworks */ = {
			isa = PBXFrameworksBuildPhase;
			buildActionMask = 2147483647;
			files = (
				C37C35392A33B62D00B8D035 /* KeychainAccess in Frameworks */,
				C3777FCE2A33247D00E8ABA7 /* AppStoreConnect-Swift-SDK in Frameworks */,
			);
			runOnlyForDeploymentPostprocessing = 0;
		};
/* End PBXFrameworksBuildPhase section */

/* Begin PBXGroup section */
		C3777FB22A3322FA00E8ABA7 = {
			isa = PBXGroup;
			children = (
				C3777FBD2A3322FB00E8ABA7 /* ASCReviews */,
				C3777FBC2A3322FB00E8ABA7 /* Products */,
			);
			sourceTree = "<group>";
		};
		C3777FBC2A3322FB00E8ABA7 /* Products */ = {
			isa = PBXGroup;
			children = (
				C3777FBB2A3322FB00E8ABA7 /* ASCReviews.app */,
			);
			name = Products;
			sourceTree = "<group>";
		};
		C3777FBD2A3322FB00E8ABA7 /* ASCReviews */ = {
			isa = PBXGroup;
			children = (
				C3777FBE2A3322FB00E8ABA7 /* ASCReviewsApp.swift */,
				C3777FC02A3322FB00E8ABA7 /* ReviewsListView.swift */,
				C39D850A2A3644FB00A7F725 /* CSVDocument.swift */,
				C3777FCF2A332F2B00E8ABA7 /* ReviewsViewModel.swift */,
				C37C35332A33B55500B8D035 /* OnboardingViewModel.swift */,
				C37C35352A33B59000B8D035 /* OnboardingView.swift */,
				C315BF312A365A250018766E /* Coordinates.swift */,
				C3777FC22A3322FC00E8ABA7 /* Assets.xcassets */,
				C3777FC42A3322FC00E8ABA7 /* Preview Content */,
			);
			path = ASCReviews;
			sourceTree = "<group>";
		};
		C3777FC42A3322FC00E8ABA7 /* Preview Content */ = {
			isa = PBXGroup;
			children = (
				C3777FC52A3322FC00E8ABA7 /* Preview Assets.xcassets */,
			);
			path = "Preview Content";
			sourceTree = "<group>";
		};
/* End PBXGroup section */

/* Begin PBXNativeTarget section */
		C3777FBA2A3322FA00E8ABA7 /* ASCReviews */ = {
			isa = PBXNativeTarget;
			buildConfigurationList = C3777FC92A3322FC00E8ABA7 /* Build configuration list for PBXNativeTarget "ASCReviews" */;
			buildPhases = (
				C3777FB72A3322FA00E8ABA7 /* Sources */,
				C3777FB82A3322FA00E8ABA7 /* Frameworks */,
				C3777FB92A3322FA00E8ABA7 /* Resources */,
			);
			buildRules = (
			);
			dependencies = (
			);
			name = ASCReviews;
			packageProductDependencies = (
				C3777FCD2A33247D00E8ABA7 /* AppStoreConnect-Swift-SDK */,
				C37C35382A33B62D00B8D035 /* KeychainAccess */,
			);
			productName = ASCReviews;
			productReference = C3777FBB2A3322FB00E8ABA7 /* ASCReviews.app */;
			productType = "com.apple.product-type.application";
		};
/* End PBXNativeTarget section */

/* Begin PBXProject section */
		C3777FB32A3322FA00E8ABA7 /* Project object */ = {
			isa = PBXProject;
			attributes = {
				BuildIndependentTargetsInParallel = 1;
				LastSwiftUpdateCheck = 1430;
				LastUpgradeCheck = 1430;
				TargetAttributes = {
					C3777FBA2A3322FA00E8ABA7 = {
						CreatedOnToolsVersion = 14.3;
					};
				};
			};
			buildConfigurationList = C3777FB62A3322FA00E8ABA7 /* Build configuration list for PBXProject "ASCReviews" */;
			compatibilityVersion = "Xcode 14.0";
			developmentRegion = en;
			hasScannedForEncodings = 0;
			knownRegions = (
				en,
				Base,
			);
			mainGroup = C3777FB22A3322FA00E8ABA7;
			packageReferences = (
				C3777FCC2A33247D00E8ABA7 /* XCRemoteSwiftPackageReference "appstoreconnect-swift-sdk" */,
				C37C35372A33B62C00B8D035 /* XCRemoteSwiftPackageReference "KeychainAccess" */,
			);
			productRefGroup = C3777FBC2A3322FB00E8ABA7 /* Products */;
			projectDirPath = "";
			projectRoot = "";
			targets = (
				C3777FBA2A3322FA00E8ABA7 /* ASCReviews */,
			);
		};
/* End PBXProject section */

/* Begin PBXResourcesBuildPhase section */
		C3777FB92A3322FA00E8ABA7 /* Resources */ = {
			isa = PBXResourcesBuildPhase;
			buildActionMask = 2147483647;
			files = (
				C3777FC62A3322FC00E8ABA7 /* Preview Assets.xcassets in Resources */,
				C3777FC32A3322FC00E8ABA7 /* Assets.xcassets in Resources */,
			);
			runOnlyForDeploymentPostprocessing = 0;
		};
/* End PBXResourcesBuildPhase section */

/* Begin PBXSourcesBuildPhase section */
		C3777FB72A3322FA00E8ABA7 /* Sources */ = {
			isa = PBXSourcesBuildPhase;
			buildActionMask = 2147483647;
			files = (
				C3777FC12A3322FB00E8ABA7 /* ReviewsListView.swift in Sources */,
				C39D850B2A3644FB00A7F725 /* CSVDocument.swift in Sources */,
				C3777FBF2A3322FB00E8ABA7 /* ASCReviewsApp.swift in Sources */,
				C3777FD02A332F2B00E8ABA7 /* ReviewsViewModel.swift in Sources */,
				C37C35362A33B59000B8D035 /* OnboardingView.swift in Sources */,
				C37C35342A33B55500B8D035 /* OnboardingViewModel.swift in Sources */,
				C315BF322A365A250018766E /* Coordinates.swift in Sources */,
			);
			runOnlyForDeploymentPostprocessing = 0;
		};
/* End PBXSourcesBuildPhase section */

/* Begin XCBuildConfiguration section */
		C3777FC72A3322FC00E8ABA7 /* Debug */ = {
			isa = XCBuildConfiguration;
			buildSettings = {
				ALWAYS_SEARCH_USER_PATHS = NO;
				CLANG_ANALYZER_NONNULL = YES;
				CLANG_ANALYZER_NUMBER_OBJECT_CONVERSION = YES_AGGRESSIVE;
				CLANG_CXX_LANGUAGE_STANDARD = "gnu++20";
				CLANG_ENABLE_MODULES = YES;
				CLANG_ENABLE_OBJC_ARC = YES;
				CLANG_ENABLE_OBJC_WEAK = YES;
				CLANG_WARN_BLOCK_CAPTURE_AUTORELEASING = YES;
				CLANG_WARN_BOOL_CONVERSION = YES;
				CLANG_WARN_COMMA = YES;
				CLANG_WARN_CONSTANT_CONVERSION = YES;
				CLANG_WARN_DEPRECATED_OBJC_IMPLEMENTATIONS = YES;
				CLANG_WARN_DIRECT_OBJC_ISA_USAGE = YES_ERROR;
				CLANG_WARN_DOCUMENTATION_COMMENTS = YES;
				CLANG_WARN_EMPTY_BODY = YES;
				CLANG_WARN_ENUM_CONVERSION = YES;
				CLANG_WARN_INFINITE_RECURSION = YES;
				CLANG_WARN_INT_CONVERSION = YES;
				CLANG_WARN_NON_LITERAL_NULL_CONVERSION = YES;
				CLANG_WARN_OBJC_IMPLICIT_RETAIN_SELF = YES;
				CLANG_WARN_OBJC_LITERAL_CONVERSION = YES;
				CLANG_WARN_OBJC_ROOT_CLASS = YES_ERROR;
				CLANG_WARN_QUOTED_INCLUDE_IN_FRAMEWORK_HEADER = YES;
				CLANG_WARN_RANGE_LOOP_ANALYSIS = YES;
				CLANG_WARN_STRICT_PROTOTYPES = YES;
				CLANG_WARN_SUSPICIOUS_MOVE = YES;
				CLANG_WARN_UNGUARDED_AVAILABILITY = YES_AGGRESSIVE;
				CLANG_WARN_UNREACHABLE_CODE = YES;
				CLANG_WARN__DUPLICATE_METHOD_MATCH = YES;
				COPY_PHASE_STRIP = NO;
				DEBUG_INFORMATION_FORMAT = dwarf;
				ENABLE_STRICT_OBJC_MSGSEND = YES;
				ENABLE_TESTABILITY = YES;
				GCC_C_LANGUAGE_STANDARD = gnu11;
				GCC_DYNAMIC_NO_PIC = NO;
				GCC_NO_COMMON_BLOCKS = YES;
				GCC_OPTIMIZATION_LEVEL = 0;
				GCC_PREPROCESSOR_DEFINITIONS = (
					"DEBUG=1",
					"$(inherited)",
				);
				GCC_WARN_64_TO_32_BIT_CONVERSION = YES;
				GCC_WARN_ABOUT_RETURN_TYPE = YES_ERROR;
				GCC_WARN_UNDECLARED_SELECTOR = YES;
				GCC_WARN_UNINITIALIZED_AUTOS = YES_AGGRESSIVE;
				GCC_WARN_UNUSED_FUNCTION = YES;
				GCC_WARN_UNUSED_VARIABLE = YES;
				IPHONEOS_DEPLOYMENT_TARGET = 16.4;
				MTL_ENABLE_DEBUG_INFO = INCLUDE_SOURCE;
				MTL_FAST_MATH = YES;
				ONLY_ACTIVE_ARCH = YES;
				SDKROOT = iphoneos;
				SWIFT_ACTIVE_COMPILATION_CONDITIONS = DEBUG;
				SWIFT_OPTIMIZATION_LEVEL = "-Onone";
			};
			name = Debug;
		};
		C3777FC82A3322FC00E8ABA7 /* Release */ = {
			isa = XCBuildConfiguration;
			buildSettings = {
				ALWAYS_SEARCH_USER_PATHS = NO;
				CLANG_ANALYZER_NONNULL = YES;
				CLANG_ANALYZER_NUMBER_OBJECT_CONVERSION = YES_AGGRESSIVE;
				CLANG_CXX_LANGUAGE_STANDARD = "gnu++20";
				CLANG_ENABLE_MODULES = YES;
				CLANG_ENABLE_OBJC_ARC = YES;
				CLANG_ENABLE_OBJC_WEAK = YES;
				CLANG_WARN_BLOCK_CAPTURE_AUTORELEASING = YES;
				CLANG_WARN_BOOL_CONVERSION = YES;
				CLANG_WARN_COMMA = YES;
				CLANG_WARN_CONSTANT_CONVERSION = YES;
				CLANG_WARN_DEPRECATED_OBJC_IMPLEMENTATIONS = YES;
				CLANG_WARN_DIRECT_OBJC_ISA_USAGE = YES_ERROR;
				CLANG_WARN_DOCUMENTATION_COMMENTS = YES;
				CLANG_WARN_EMPTY_BODY = YES;
				CLANG_WARN_ENUM_CONVERSION = YES;
				CLANG_WARN_INFINITE_RECURSION = YES;
				CLANG_WARN_INT_CONVERSION = YES;
				CLANG_WARN_NON_LITERAL_NULL_CONVERSION = YES;
				CLANG_WARN_OBJC_IMPLICIT_RETAIN_SELF = YES;
				CLANG_WARN_OBJC_LITERAL_CONVERSION = YES;
				CLANG_WARN_OBJC_ROOT_CLASS = YES_ERROR;
				CLANG_WARN_QUOTED_INCLUDE_IN_FRAMEWORK_HEADER = YES;
				CLANG_WARN_RANGE_LOOP_ANALYSIS = YES;
				CLANG_WARN_STRICT_PROTOTYPES = YES;
				CLANG_WARN_SUSPICIOUS_MOVE = YES;
				CLANG_WARN_UNGUARDED_AVAILABILITY = YES_AGGRESSIVE;
				CLANG_WARN_UNREACHABLE_CODE = YES;
				CLANG_WARN__DUPLICATE_METHOD_MATCH = YES;
				COPY_PHASE_STRIP = NO;
				DEBUG_INFORMATION_FORMAT = "dwarf-with-dsym";
				ENABLE_NS_ASSERTIONS = NO;
				ENABLE_STRICT_OBJC_MSGSEND = YES;
				GCC_C_LANGUAGE_STANDARD = gnu11;
				GCC_NO_COMMON_BLOCKS = YES;
				GCC_WARN_64_TO_32_BIT_CONVERSION = YES;
				GCC_WARN_ABOUT_RETURN_TYPE = YES_ERROR;
				GCC_WARN_UNDECLARED_SELECTOR = YES;
				GCC_WARN_UNINITIALIZED_AUTOS = YES_AGGRESSIVE;
				GCC_WARN_UNUSED_FUNCTION = YES;
				GCC_WARN_UNUSED_VARIABLE = YES;
				IPHONEOS_DEPLOYMENT_TARGET = 16.4;
				MTL_ENABLE_DEBUG_INFO = NO;
				MTL_FAST_MATH = YES;
				SDKROOT = iphoneos;
				SWIFT_COMPILATION_MODE = wholemodule;
				SWIFT_OPTIMIZATION_LEVEL = "-O";
				VALIDATE_PRODUCT = YES;
			};
			name = Release;
		};
		C3777FCA2A3322FC00E8ABA7 /* Debug */ = {
			isa = XCBuildConfiguration;
			buildSettings = {
				ASSETCATALOG_COMPILER_APPICON_NAME = AppIcon;
				ASSETCATALOG_COMPILER_GLOBAL_ACCENT_COLOR_NAME = AccentColor;
				CODE_SIGN_STYLE = Automatic;
				CURRENT_PROJECT_VERSION = 1;
				DEVELOPMENT_ASSET_PATHS = "\"ASCReviews/Preview Content\"";
				DEVELOPMENT_TEAM = S23LR3MK76;
				ENABLE_PREVIEWS = YES;
				GENERATE_INFOPLIST_FILE = YES;
				INFOPLIST_KEY_UIApplicationSceneManifest_Generation = YES;
				INFOPLIST_KEY_UIApplicationSupportsIndirectInputEvents = YES;
				INFOPLIST_KEY_UILaunchScreen_Generation = YES;
				INFOPLIST_KEY_UISupportedInterfaceOrientations_iPad = "UIInterfaceOrientationPortrait UIInterfaceOrientationPortraitUpsideDown UIInterfaceOrientationLandscapeLeft UIInterfaceOrientationLandscapeRight";
				INFOPLIST_KEY_UISupportedInterfaceOrientations_iPhone = "UIInterfaceOrientationPortrait UIInterfaceOrientationLandscapeLeft UIInterfaceOrientationLandscapeRight";
				IPHONEOS_DEPLOYMENT_TARGET = 16.0;
				LD_RUNPATH_SEARCH_PATHS = (
					"$(inherited)",
					"@executable_path/Frameworks",
				);
				MARKETING_VERSION = 1.0;
				PRODUCT_BUNDLE_IDENTIFIER = com.dencorp.ASCReviews;
				PRODUCT_NAME = "$(TARGET_NAME)";
				SUPPORTED_PLATFORMS = "iphoneos iphonesimulator macosx";
				SUPPORTS_MACCATALYST = NO;
				SUPPORTS_MAC_DESIGNED_FOR_IPHONE_IPAD = NO;
				SWIFT_EMIT_LOC_STRINGS = YES;
				SWIFT_VERSION = 5.0;
				TARGETED_DEVICE_FAMILY = "1,2";
			};
			name = Debug;
		};
		C3777FCB2A3322FC00E8ABA7 /* Release */ = {
			isa = XCBuildConfiguration;
			buildSettings = {
				ASSETCATALOG_COMPILER_APPICON_NAME = AppIcon;
				ASSETCATALOG_COMPILER_GLOBAL_ACCENT_COLOR_NAME = AccentColor;
				CODE_SIGN_STYLE = Automatic;
				CURRENT_PROJECT_VERSION = 1;
				DEVELOPMENT_ASSET_PATHS = "\"ASCReviews/Preview Content\"";
				DEVELOPMENT_TEAM = S23LR3MK76;
				ENABLE_PREVIEWS = YES;
				GENERATE_INFOPLIST_FILE = YES;
				INFOPLIST_KEY_UIApplicationSceneManifest_Generation = YES;
				INFOPLIST_KEY_UIApplicationSupportsIndirectInputEvents = YES;
				INFOPLIST_KEY_UILaunchScreen_Generation = YES;
				INFOPLIST_KEY_UISupportedInterfaceOrientations_iPad = "UIInterfaceOrientationPortrait UIInterfaceOrientationPortraitUpsideDown UIInterfaceOrientationLandscapeLeft UIInterfaceOrientationLandscapeRight";
				INFOPLIST_KEY_UISupportedInterfaceOrientations_iPhone = "UIInterfaceOrientationPortrait UIInterfaceOrientationLandscapeLeft UIInterfaceOrientationLandscapeRight";
				IPHONEOS_DEPLOYMENT_TARGET = 16.0;
				LD_RUNPATH_SEARCH_PATHS = (
					"$(inherited)",
					"@executable_path/Frameworks",
				);
				MARKETING_VERSION = 1.0;
				PRODUCT_BUNDLE_IDENTIFIER = com.dencorp.ASCReviews;
				PRODUCT_NAME = "$(TARGET_NAME)";
				SUPPORTED_PLATFORMS = "iphoneos iphonesimulator macosx";
				SUPPORTS_MACCATALYST = NO;
				SUPPORTS_MAC_DESIGNED_FOR_IPHONE_IPAD = NO;
				SWIFT_EMIT_LOC_STRINGS = YES;
				SWIFT_VERSION = 5.0;
				TARGETED_DEVICE_FAMILY = "1,2";
			};
			name = Release;
		};
/* End XCBuildConfiguration section */

/* Begin XCConfigurationList section */
		C3777FB62A3322FA00E8ABA7 /* Build configuration list for PBXProject "ASCReviews" */ = {
			isa = XCConfigurationList;
			buildConfigurations = (
				C3777FC72A3322FC00E8ABA7 /* Debug */,
				C3777FC82A3322FC00E8ABA7 /* Release */,
			);
			defaultConfigurationIsVisible = 0;
			defaultConfigurationName = Release;
		};
		C3777FC92A3322FC00E8ABA7 /* Build configuration list for PBXNativeTarget "ASCReviews" */ = {
			isa = XCConfigurationList;
			buildConfigurations = (
				C3777FCA2A3322FC00E8ABA7 /* Debug */,
				C3777FCB2A3322FC00E8ABA7 /* Release */,
			);
			defaultConfigurationIsVisible = 0;
			defaultConfigurationName = Release;
		};
/* End XCConfigurationList section */

/* Begin XCRemoteSwiftPackageReference section */
		C3777FCC2A33247D00E8ABA7 /* XCRemoteSwiftPackageReference "appstoreconnect-swift-sdk" */ = {
			isa = XCRemoteSwiftPackageReference;
			repositoryURL = "https://github.com/AvdLee/appstoreconnect-swift-sdk";
			requirement = {
				kind = exactVersion;
				version = 2.3.0;
			};
		};
		C37C35372A33B62C00B8D035 /* XCRemoteSwiftPackageReference "KeychainAccess" */ = {
			isa = XCRemoteSwiftPackageReference;
			repositoryURL = "https://github.com/kishikawakatsumi/KeychainAccess";
			requirement = {
				kind = exactVersion;
				version = 4.2.2;
			};
		};
/* End XCRemoteSwiftPackageReference section */

/* Begin XCSwiftPackageProductDependency section */
		C3777FCD2A33247D00E8ABA7 /* AppStoreConnect-Swift-SDK */ = {
			isa = XCSwiftPackageProductDependency;
			package = C3777FCC2A33247D00E8ABA7 /* XCRemoteSwiftPackageReference "appstoreconnect-swift-sdk" */;
			productName = "AppStoreConnect-Swift-SDK";
		};
		C37C35382A33B62D00B8D035 /* KeychainAccess */ = {
			isa = XCSwiftPackageProductDependency;
			package = C37C35372A33B62C00B8D035 /* XCRemoteSwiftPackageReference "KeychainAccess" */;
			productName = KeychainAccess;
		};
/* End XCSwiftPackageProductDependency section */
	};
	rootObject = C3777FB32A3322FA00E8ABA7 /* Project object */;
}
